{
  "version": 4,
  "terraform_version": "1.15.8",
  "serial": 169,
  "lineage": "0478c7a2-da5e-3216-ce96-5cb78807defd",
  "outputs": {},
  "resources": [
    {
      "module": "module.networking",
      "mode": "managed",
      "type": "aws_vpc",
      "name": "main",
      "provider": "module.networking.provider[\"registry.terraform.io/hashicorp/aws\"]",
      "instances": [
        {
          "schema_version": 1,
          "attributes": {
            "arn": "arn:aws:ec2:us-east-1:851725477911:vpc/vpc-01fc6474c74a5c069",
            "assign_generated_ipv6_cidr_block": false,
            "cidr_block": "10.0.0.0/16",
            "default_network_acl_id": "acl-0f72405f4196a09a8",
            "default_route_table_id": "rtb-01e3f2ad709f5073c",
            "default_security_group_id": "sg-04e2cf4ee43e7744a",
            "dhcp_options_id": "dopt-0640272b1d09dda42",
            "enable_dns_hostnames": true,
            "enable_dns_support": true,
            "enable_network_address_usage_metrics": false,
            "id": "vpc-01fc6474c74a5c069",
            "instance_tenancy": "default",
            "ipv4_ipam_pool_id": null,
            "ipv4_netmask_length": null,
            "ipv6_association_id": "",
            "ipv6_cidr_block": "",
            "ipv6_cidr_block_network_border_group": "",
            "ipv6_ipam_pool_id": "",
            "ipv6_netmask_length": 0,
            "main_route_table_id": "rtb-01e3f2ad709f5073c",
            "owner_id": "851725477911",
            "tags": {
              "Environment": "dev",
              "Name": "dev-vpc",
              "Project": "ContainerizedWebPlatform",
              "Terraform": "true"
            },
            "tags_all": {
              "Environment": "dev",
              "Name": "dev-vpc",
              "Project": "ContainerizedWebPlatform",
              "Terraform": "true"
            }
          },
          "sensitive_attributes": [],
          "identity_schema_version": 0,
          "private": "eyJzY2hlbWFfdmVyc2lvbiI6IjEifQ==",
          "create_before_destroy": true
        }
      ]
    }
  ],
  "check_results": null
}
